
Microsoft Visual Studio Solution File, Format Version 12.00
# Visual Studio Version 17
VisualStudioVersion = 17.0.31903.59
MinimumVisualStudioVersion = 10.0.40219.1
Project("{FAE04EC0-301F-11D3-BF4B-00C04F79EFBC}") = "ClassVsStruct", "ClassVsStruct\ClassVsStruct.csproj", "{AF7900D5-2BDA-481E-9BD5-EF31B93581A7}"
EndProject
Project("{FAE04EC0-301F-11D3-BF4B-00C04F79EFBC}") = "StructWithRef", "StructWithRef\StructWithRef.csproj", "{3410B660-2011-49AE-9730-99088ECF1070}"
EndProject
Project("{FAE04EC0-301F-11D3-BF4B-00C04F79EFBC}") = "MiniGame", "MiniGame\MiniGame.csproj", "{FDD5FA66-A5A8-4373-BE68-3E2F6A2B962E}"
EndProject
Project("{FAE04EC0-301F-11D3-BF4B-00C04F79EFBC}") = "Polimorfismo", "Polimorfismo\Polimorfismo.csproj", "{76DB3E62-01AD-437B-86F7-0D149C255A2F}"
EndProject
Global
	GlobalSection(SolutionConfigurationPlatforms) = preSolution
		Debug|Any CPU = Debug|Any CPU
		Release|Any CPU = Release|Any CPU
	EndGlobalSection
	GlobalSection(SolutionProperties) = preSolution
		HideSolutionNode = FALSE
	EndGlobalSection
	GlobalSection(ProjectConfigurationPlatforms) = postSolution
		{AF7900D5-2BDA-481E-9BD5-EF31B93581A7}.Debug|Any CPU.ActiveCfg = Debug|Any CPU
		{AF7900D5-2BDA-481E-9BD5-EF31B93581A7}.Debug|Any CPU.Build.0 = Debug|Any CPU
		{AF7900D5-2BDA-481E-9BD5-EF31B93581A7}.Release|Any CPU.ActiveCfg = Release|Any CPU
		{AF7900D5-2BDA-481E-9BD5-EF31B93581A7}.Release|Any CPU.Build.0 = Release|Any CPU
		{3410B660-2011-49AE-9730-99088ECF1070}.Debug|Any CPU.ActiveCfg = Debug|Any CPU
		{3410B660-2011-49AE-9730-99088ECF1070}.Debug|Any CPU.Build.0 = Debug|Any CPU
		{3410B660-2011-49AE-9730-99088ECF1070}.Release|Any CPU.ActiveCfg = Release|Any CPU
		{3410B660-2011-49AE-9730-99088ECF1070}.Release|Any CPU.Build.0 = Release|Any CPU
		{FDD5FA66-A5A8-4373-BE68-3E2F6A2B962E}.Debug|Any CPU.ActiveCfg = Debug|Any CPU
		{FDD5FA66-A5A8-4373-BE68-3E2F6A2B962E}.Debug|Any CPU.Build.0 = Debug|Any CPU
		{FDD5FA66-A5A8-4373-BE68-3E2F6A2B962E}.Release|Any CPU.ActiveCfg = Release|Any CPU
		{FDD5FA66-A5A8-4373-BE68-3E2F6A2B962E}.Release|Any CPU.Build.0 = Release|Any CPU
		{76DB3E62-01AD-437B-86F7-0D149C255A2F}.Debug|Any CPU.ActiveCfg = Debug|Any CPU
		{76DB3E62-01AD-437B-86F7-0D149C255A2F}.Debug|Any CPU.Build.0 = Debug|Any CPU
		{76DB3E62-01AD-437B-86F7-0D149C255A2F}.Release|Any CPU.ActiveCfg = Release|Any CPU
		{76DB3E62-01AD-437B-86F7-0D149C255A2F}.Release|Any CPU.Build.0 = Release|Any CPU
	EndGlobalSection
EndGlobal
